
Microsoft Visual Studio Solution File, Format Version 12.00
# Visual Studio 15
VisualStudioVersion = 15.0.27004.2009
MinimumVisualStudioVersion = 10.0.40219.1
Project("{FAE04EC0-301F-11D3-BF4B-00C04F79EFBC}") = "SecretIngredients", "SecretIngredients\SecretIngredients.csproj", "{62E8BF95-43AE-45B0-958F-CCB389A70381}"
EndProject
Global
	GlobalSection(SolutionConfigurationPlatforms) = preSolution
		Debug|Any CPU = Debug|Any CPU
		Release|Any CPU = Release|Any CPU
	EndGlobalSection
	GlobalSection(ProjectConfigurationPlatforms) = postSolution
		{62E8BF95-43AE-45B0-958F-CCB389A70381}.Debug|Any CPU.ActiveCfg = Debug|Any CPU
		{62E8BF95-43AE-45B0-958F-CCB389A70381}.Debug|Any CPU.Build.0 = Debug|Any CPU
		{62E8BF95-43AE-45B0-958F-CCB389A70381}.Release|Any CPU.ActiveCfg = Release|Any CPU
		{62E8BF95-43AE-45B0-958F-CCB389A70381}.Release|Any CPU.Build.0 = Release|Any CPU
	EndGlobalSection
	GlobalSection(SolutionProperties) = preSolution
		HideSolutionNode = FALSE
	EndGlobalSection
	GlobalSection(ExtensibilityGlobals) = postSolution
		SolutionGuid = {B861223E-9FE6-48FA-8468-CA4653A5E716}
	EndGlobalSection
EndGlobal
